# THIS IS AN AUTOGENERATED FILE. DO NOT EDIT THIS FILE DIRECTLY.
# yarn lockfile v1


"@types/bson@*":
  version "4.0.2"
  resolved "https://registry.yarnpkg.com/@types/bson/-/bson-4.0.2.tgz#7accb85942fc39bbdb7515d4de437c04f698115f"
  integrity sha512-+uWmsejEHfmSjyyM/LkrP0orfE2m5Mx9Xel4tXNeqi1ldK5XMQcDsFkBmLDtuyKUbxj2jGDo0H240fbCRJZo7Q==
  dependencies:
    "@types/node" "*"

"@types/mongodb@*":
  version "3.5.27"
  resolved "https://registry.yarnpkg.com/@types/mongodb/-/mongodb-3.5.27.tgz#158a7a43ce25ef3592ac8a62e62ab38bebf661f2"
  integrity sha512-1jxKDgdfJEOO9zp+lv43p8jOqRs02xPrdUTzAZIVK9tVEySfCEmktL2jEu9A3wOBEOs18yKzpVIKUh8b8ALk3w==
  dependencies:
    "@types/bson" "*"
    "@types/node" "*"

"@types/mongoose@5.3.5":
  version "5.3.5"
  resolved "https://registry.yarnpkg.com/@types/mongoose/-/mongoose-5.3.5.tgz#9e84a5ddebfb404adc3b5afa90b41e7474397870"
  integrity sha512-SLnO5co2keWe1PLuf9mVm3WSZGUH+JNSOjw/szJEWUelTKwRt/+FaTvfgc9j+XIlHs8zZSfRbvFIh/PC+3KJhA==
  dependencies:
    "@types/mongodb" "*"
    "@types/node" "*"

"@types/node@*":
  version "14.11.2"
  resolved "https://registry.yarnpkg.com/@types/node/-/node-14.11.2.tgz#2de1ed6670439387da1c9f549a2ade2b0a799256"
  integrity sha512-jiE3QIxJ8JLNcb1Ps6rDbysDhN4xa8DJJvuC9prr6w+1tIh+QAbYyNF3tyiZNLDBIuBCf4KEcV2UvQm/V60xfA==

async@2.6.1:
  version "2.6.1"
  resolved "https://registry.yarnpkg.com/async/-/async-2.6.1.tgz#b245a23ca71930044ec53fa46aa00a3e87c6a610"
  integrity sha512-fNEiL2+AZt6AlAw/29Cr0UDe4sRAHCpEHh54WMz+Bb7QfNcFw4h3loofyJpLeQs4Yx7yuqu/2dLgM5hKOs6HlQ==
  dependencies:
    lodash "^4.17.10"

bcrypt-nodejs@^0.0.3:
  version "0.0.3"
  resolved "https://registry.yarnpkg.com/bcrypt-nodejs/-/bcrypt-nodejs-0.0.3.tgz#c60917f26dc235661566c681061c303c2b28842b"
  integrity sha1-xgkX8m3CNWYVZsaBBhwwPCsohCs=

bluebird@3.5.1:
  version "3.5.1"
  resolved "https://registry.yarnpkg.com/bluebird/-/bluebird-3.5.1.tgz#d9551f9de98f1fcda1e683d17ee91a0602ee2eb9"
  integrity sha512-MKiLiV+I1AA596t9w1sQJ8jkiSr5+ZKi0WKrYGUn6d1Fx+Ij4tIj+m2WMQSGczs5jZVxV339chE8iwk6F64wjA==

bson@^1.1.0, bson@~1.1.0:
  version "1.1.5"
  resolved "https://registry.yarnpkg.com/bson/-/bson-1.1.5.tgz#2aaae98fcdf6750c0848b0cba1ddec3c73060a34"
  integrity sha512-kDuEzldR21lHciPQAIulLs1LZlCXdLziXI6Mb/TDkwXhb//UORJNPXgcRs2CuO4H0DcMkpfT3/ySsP3unoZjBg==

buffer-equal-constant-time@1.0.1:
  version "1.0.1"
  resolved "https://registry.yarnpkg.com/buffer-equal-constant-time/-/buffer-equal-constant-time-1.0.1.tgz#f8e71132f7ffe6e01a5c9697a4c6f3e48d5cc819"
  integrity sha1-+OcRMvf/5uAaXJaXpMbz5I1cyBk=

debug@3.1.0:
  version "3.1.0"
  resolved "https://registry.yarnpkg.com/debug/-/debug-3.1.0.tgz#5bb5a0672628b64149566ba16819e61518c67261"
  integrity sha512-OX8XqP7/1a9cqkxYw2yXss15f26NKWBpDXQd0/uK/KPqdQhxbPa994hnzjcE2VqQpDslf55723cKPUOGSmMY3g==
  dependencies:
    ms "2.0.0"

ecdsa-sig-formatter@1.0.11:
  version "1.0.11"
  resolved "https://registry.yarnpkg.com/ecdsa-sig-formatter/-/ecdsa-sig-formatter-1.0.11.tgz#ae0f0fa2d85045ef14a817daa3ce9acd0489e5bf"
  integrity sha512-nagl3RYrbNv6kQkeJIpt6NJZy8twLB/2vtz6yN9Z4vRKHN4/QZJIEbqohALSgwKdnksuY3k5Addp5lg8sVoVcQ==
  dependencies:
    safe-buffer "^5.0.1"

jsonwebtoken@^8.2.0:
  version "8.5.1"
  resolved "https://registry.yarnpkg.com/jsonwebtoken/-/jsonwebtoken-8.5.1.tgz#00e71e0b8df54c2121a1f26137df2280673bcc0d"
  integrity sha512-XjwVfRS6jTMsqYs0EsuJ4LGxXV14zQybNd4L2r0UvbVnSF9Af8x7p5MzbJ90Ioz/9TI41/hTCvznF/loiSzn8w==
  dependencies:
    jws "^3.2.2"
    lodash.includes "^4.3.0"
    lodash.isboolean "^3.0.3"
    lodash.isinteger "^4.0.4"
    lodash.isnumber "^3.0.3"
    lodash.isplainobject "^4.0.6"
    lodash.isstring "^4.0.1"
    lodash.once "^4.0.0"
    ms "^2.1.1"
    semver "^5.6.0"

jwa@^1.4.1:
  version "1.4.1"
  resolved "https://registry.yarnpkg.com/jwa/-/jwa-1.4.1.tgz#743c32985cb9e98655530d53641b66c8645b039a"
  integrity sha512-qiLX/xhEEFKUAJ6FiBMbes3w9ATzyk5W7Hvzpa/SLYdxNtng+gcurvrI7TbACjIXlsJyr05/S1oUhZrc63evQA==
  dependencies:
    buffer-equal-constant-time "1.0.1"
    ecdsa-sig-formatter "1.0.11"
    safe-buffer "^5.0.1"

jws@^3.2.2:
  version "3.2.2"
  resolved "https://registry.yarnpkg.com/jws/-/jws-3.2.2.tgz#001099f3639468c9414000e99995fa52fb478304"
  integrity sha512-YHlZCB6lMTllWDtSPHz/ZXTsi8S00usEV6v1tjq8tOUZzw7DpSDWVXjXDre6ed1w/pd495ODpHZYSdkRTsa0HA==
  dependencies:
    jwa "^1.4.1"
    safe-buffer "^5.0.1"

kareem@2.3.0:
  version "2.3.0"
  resolved "https://registry.yarnpkg.com/kareem/-/kareem-2.3.0.tgz#ef33c42e9024dce511eeaf440cd684f3af1fc769"
  integrity sha512-6hHxsp9e6zQU8nXsP+02HGWXwTkOEw6IROhF2ZA28cYbUk4eJ6QbtZvdqZOdD9YPKghG3apk5eOCvs+tLl3lRg==

lodash.foreach@^4.1.0:
  version "4.5.0"
  resolved "https://registry.yarnpkg.com/lodash.foreach/-/lodash.foreach-4.5.0.tgz#1a6a35eace401280c7f06dddec35165ab27e3e53"
  integrity sha1-Gmo16s5AEoDH8G3d7DUWWrJ+PlM=

lodash.get@^4.0.2:
  version "4.4.2"
  resolved "https://registry.yarnpkg.com/lodash.get/-/lodash.get-4.4.2.tgz#2d177f652fa31e939b4438d5341499dfa3825e99"
  integrity sha1-LRd/ZS+jHpObRDjVNBSZ36OCXpk=

lodash.includes@^4.3.0:
  version "4.3.0"
  resolved "https://registry.yarnpkg.com/lodash.includes/-/lodash.includes-4.3.0.tgz#60bb98a87cb923c68ca1e51325483314849f553f"
  integrity sha1-YLuYqHy5I8aMoeUTJUgzFISfVT8=

lodash.isboolean@^3.0.3:
  version "3.0.3"
  resolved "https://registry.yarnpkg.com/lodash.isboolean/-/lodash.isboolean-3.0.3.tgz#6c2e171db2a257cd96802fd43b01b20d5f5870f6"
  integrity sha1-bC4XHbKiV82WgC/UOwGyDV9YcPY=

lodash.isinteger@^4.0.4:
  version "4.0.4"
  resolved "https://registry.yarnpkg.com/lodash.isinteger/-/lodash.isinteger-4.0.4.tgz#619c0af3d03f8b04c31f5882840b77b11cd68343"
  integrity sha1-YZwK89A/iwTDH1iChAt3sRzWg0M=

lodash.isnumber@^3.0.3:
  version "3.0.3"
  resolved "https://registry.yarnpkg.com/lodash.isnumber/-/lodash.isnumber-3.0.3.tgz#3ce76810c5928d03352301ac287317f11c0b1ffc"
  integrity sha1-POdoEMWSjQM1IwGsKHMX8RwLH/w=

lodash.isplainobject@^4.0.6:
  version "4.0.6"
  resolved "https://registry.yarnpkg.com/lodash.isplainobject/-/lodash.isplainobject-4.0.6.tgz#7c526a52d89b45c45cc690b88163be0497f550cb"
  integrity sha1-fFJqUtibRcRcxpC4gWO+BJf1UMs=

lodash.isstring@^4.0.1:
  version "4.0.1"
  resolved "https://registry.yarnpkg.com/lodash.isstring/-/lodash.isstring-4.0.1.tgz#d527dfb5456eca7cc9bb95d5daeaf88ba54a5451"
  integrity sha1-1SfftUVuynzJu5XV2ur4i6VKVFE=

lodash.once@^4.0.0:
  version "4.1.1"
  resolved "https://registry.yarnpkg.com/lodash.once/-/lodash.once-4.1.1.tgz#0dd3971213c7c56df880977d504c88fb471a97ac"
  integrity sha1-DdOXEhPHxW34gJd9UEyI+0cal6w=

lodash@^4.17.10:
  version "4.17.20"
  resolved "https://registry.yarnpkg.com/lodash/-/lodash-4.17.20.tgz#b44a9b6297bcb698f1c51a3545a2b3b368d59c52"
  integrity sha512-PlhdFcillOINfeV7Ni6oF1TAEayyZBoZ8bcshTHqOYJYlrqzRK5hagpagky5o4HfCzzd1TRkXPMFq6cKk9rGmA==

memory-pager@^1.0.2:
  version "1.5.0"
  resolved "https://registry.yarnpkg.com/memory-pager/-/memory-pager-1.5.0.tgz#d8751655d22d384682741c972f2c3d6dfa3e66b5"
  integrity sha512-ZS4Bp4r/Zoeq6+NLJpP+0Zzm0pR8whtGPf1XExKLJBAczGMnSi3It14OiNCStjQjM6NU1okjQGSxgEZN8eBYKg==

mongodb-core@3.1.9:
  version "3.1.9"
  resolved "https://registry.yarnpkg.com/mongodb-core/-/mongodb-core-3.1.9.tgz#c31ee407bf932b0149eaed775c17ee09974e4ca3"
  integrity sha512-MJpciDABXMchrZphh3vMcqu8hkNf/Mi+Gk6btOimVg1XMxLXh87j6FAvRm+KmwD1A9fpu3qRQYcbQe4egj23og==
  dependencies:
    bson "^1.1.0"
    require_optional "^1.0.1"
    safe-buffer "^5.1.2"
  optionalDependencies:
    saslprep "^1.0.0"

mongodb@3.1.10:
  version "3.1.10"
  resolved "https://registry.yarnpkg.com/mongodb/-/mongodb-3.1.10.tgz#45ad9b74ea376f4122d0881b75e5489b9e504ed7"
  integrity sha512-Uml42GeFxhTGQVml1XQ4cD0o/rp7J2ROy0fdYUcVitoE7vFqEhKH4TYVqRDpQr/bXtCJVxJdNQC1ntRxNREkPQ==
  dependencies:
    mongodb-core "3.1.9"
    safe-buffer "^5.1.2"

mongoose-legacy-pluralize@1.0.2:
  version "1.0.2"
  resolved "https://registry.yarnpkg.com/mongoose-legacy-pluralize/-/mongoose-legacy-pluralize-1.0.2.tgz#3ba9f91fa507b5186d399fb40854bff18fb563e4"
  integrity sha512-Yo/7qQU4/EyIS8YDFSeenIvXxZN+ld7YdV9LqFVQJzTLye8unujAWPZ4NWKfFA+RNjh+wvTWKY9Z3E5XM6ZZiQ==

mongoose-unique-validator@2.0.0:
  version "2.0.0"
  resolved "https://registry.yarnpkg.com/mongoose-unique-validator/-/mongoose-unique-validator-2.0.0.tgz#76e406cd0b322bbbb79496e2b7425d885ce661c4"
  integrity sha512-oBIFoBQW0n1Pusjabpv5g/JMqOF2QOqZHFTRFLuKrAQx9UeuXchqSR72BdoW0S3gSxFJ/oMSi9YAOLBD0xJtOA==
  dependencies:
    lodash.foreach "^4.1.0"
    lodash.get "^4.0.2"

mongoose@5.4.8:
  version "5.4.8"
  resolved "https://registry.yarnpkg.com/mongoose/-/mongoose-5.4.8.tgz#f56bc514ee51593ce31b4f794d1f26f97dce10e9"
  integrity sha512-2wgBi1LBxL/pcG0nNP8zXBLRmWZFzg8pb2MH4JkMPIxP/HGtQQEP0DbG1Yzy+Igsp3M1+V/59uXW37O2Fg5mBQ==
  dependencies:
    async "2.6.1"
    bson "~1.1.0"
    kareem "2.3.0"
    mongodb "3.1.10"
    mongodb-core "3.1.9"
    mongoose-legacy-pluralize "1.0.2"
    mpath "0.5.1"
    mquery "3.2.0"
    ms "2.0.0"
    regexp-clone "0.0.1"
    safe-buffer "5.1.2"
    sliced "1.0.1"

mpath@0.5.1:
  version "0.5.1"
  resolved "https://registry.yarnpkg.com/mpath/-/mpath-0.5.1.tgz#17131501f1ff9e6e4fbc8ffa875aa7065b5775ab"
  integrity sha512-H8OVQ+QEz82sch4wbODFOz+3YQ61FYz/z3eJ5pIdbMEaUzDqA268Wd+Vt4Paw9TJfvDgVKaayC0gBzMIw2jhsg==

mquery@3.2.0:
  version "3.2.0"
  resolved "https://registry.yarnpkg.com/mquery/-/mquery-3.2.0.tgz#e276472abd5109686a15eb2a8e0761db813c81cc"
  integrity sha512-qPJcdK/yqcbQiKoemAt62Y0BAc0fTEKo1IThodBD+O5meQRJT/2HSe5QpBNwaa4CjskoGrYWsEyjkqgiE0qjhg==
  dependencies:
    bluebird "3.5.1"
    debug "3.1.0"
    regexp-clone "0.0.1"
    safe-buffer "5.1.2"
    sliced "1.0.1"

ms@2.0.0:
  version "2.0.0"
  resolved "https://registry.yarnpkg.com/ms/-/ms-2.0.0.tgz#5608aeadfc00be6c2901df5f9861788de0d597c8"
  integrity sha1-VgiurfwAvmwpAd9fmGF4jeDVl8g=

ms@^2.1.1:
  version "2.1.2"
  resolved "https://registry.yarnpkg.com/ms/-/ms-2.1.2.tgz#d09d1f357b443f493382a8eb3ccd183872ae6009"
  integrity sha512-sGkPx+VjMtmA6MX27oA4FBFELFCZZ4S4XqeGOXCv68tT+jb3vk/RyaKWP0PTKyWtmLSM0b+adUTEvbs1PEaH2w==

passport-jwt@4.0.0:
  version "4.0.0"
  resolved "https://registry.yarnpkg.com/passport-jwt/-/passport-jwt-4.0.0.tgz#7f0be7ba942e28b9f5d22c2ebbb8ce96ef7cf065"
  integrity sha512-BwC0n2GP/1hMVjR4QpnvqA61TxenUMlmfNjYNgK0ZAs0HK4SOQkHcSv4L328blNTLtHq7DbmvyNJiH+bn6C5Mg==
  dependencies:
    jsonwebtoken "^8.2.0"
    passport-strategy "^1.0.0"

passport-local@1.0.0:
  version "1.0.0"
  resolved "https://registry.yarnpkg.com/passport-local/-/passport-local-1.0.0.tgz#1fe63268c92e75606626437e3b906662c15ba6ee"
  integrity sha1-H+YyaMkudWBmJkN+O5BmYsFbpu4=
  dependencies:
    passport-strategy "1.x.x"

passport-strategy@1.x.x, passport-strategy@^1.0.0:
  version "1.0.0"
  resolved "https://registry.yarnpkg.com/passport-strategy/-/passport-strategy-1.0.0.tgz#b5539aa8fc225a3d1ad179476ddf236b440f52e4"
  integrity sha1-tVOaqPwiWj0a0XlHbd8ja0QPUuQ=

passport@0.4.0:
  version "0.4.0"
  resolved "https://registry.yarnpkg.com/passport/-/passport-0.4.0.tgz#c5095691347bd5ad3b5e180238c3914d16f05811"
  integrity sha1-xQlWkTR71a07XhgCOMORTRbwWBE=
  dependencies:
    passport-strategy "1.x.x"
    pause "0.0.1"

pause@0.0.1:
  version "0.0.1"
  resolved "https://registry.yarnpkg.com/pause/-/pause-0.0.1.tgz#1d408b3fdb76923b9543d96fb4c9dfd535d9cb5d"
  integrity sha1-HUCLP9t2kjuVQ9lvtMnf1TXZy10=

regexp-clone@0.0.1:
  version "0.0.1"
  resolved "https://registry.yarnpkg.com/regexp-clone/-/regexp-clone-0.0.1.tgz#a7c2e09891fdbf38fbb10d376fb73003e68ac589"
  integrity sha1-p8LgmJH9vzj7sQ03b7cwA+aKxYk=

require_optional@^1.0.1:
  version "1.0.1"
  resolved "https://registry.yarnpkg.com/require_optional/-/require_optional-1.0.1.tgz#4cf35a4247f64ca3df8c2ef208cc494b1ca8fc2e"
  integrity sha512-qhM/y57enGWHAe3v/NcwML6a3/vfESLe/sGM2dII+gEO0BpKRUkWZow/tyloNqJyN6kXSl3RyyM8Ll5D/sJP8g==
  dependencies:
    resolve-from "^2.0.0"
    semver "^5.1.0"

resolve-from@^2.0.0:
  version "2.0.0"
  resolved "https://registry.yarnpkg.com/resolve-from/-/resolve-from-2.0.0.tgz#9480ab20e94ffa1d9e80a804c7ea147611966b57"
  integrity sha1-lICrIOlP+h2egKgEx+oUdhGWa1c=

safe-buffer@5.1.2:
  version "5.1.2"
  resolved "https://registry.yarnpkg.com/safe-buffer/-/safe-buffer-5.1.2.tgz#991ec69d296e0313747d59bdfd2b745c35f8828d"
  integrity sha512-Gd2UZBJDkXlY7GbJxfsE8/nvKkUEU1G38c1siN6QP6a9PT9MmHB8GnpscSmMJSoF8LOIrt8ud/wPtojys4G6+g==

safe-buffer@^5.0.1, safe-buffer@^5.1.2:
  version "5.2.1"
  resolved "https://registry.yarnpkg.com/safe-buffer/-/safe-buffer-5.2.1.tgz#1eaf9fa9bdb1fdd4ec75f58f9cdb4e6b7827eec6"
  integrity sha512-rp3So07KcdmmKbGvgaNxQSJr7bGVSVk5S9Eq1F+ppbRo70+YeaDxkw5Dd8NPN+GD6bjnYm2VuPuCXmpuYvmCXQ==

saslprep@^1.0.0:
  version "1.0.3"
  resolved "https://registry.yarnpkg.com/saslprep/-/saslprep-1.0.3.tgz#4c02f946b56cf54297e347ba1093e7acac4cf226"
  integrity sha512-/MY/PEMbk2SuY5sScONwhUDsV2p77Znkb/q3nSVstq/yQzYJOH/Azh29p9oJLsl3LnQwSvZDKagDGBsBwSooag==
  dependencies:
    sparse-bitfield "^3.0.3"

semver@^5.1.0, semver@^5.6.0:
  version "5.7.1"
  resolved "https://registry.yarnpkg.com/semver/-/semver-5.7.1.tgz#a954f931aeba508d307bbf069eff0c01c96116f7"
  integrity sha512-sauaDf/PZdVgrLTNYHRtpXa1iRiKcaebiKQ1BJdpQlWH2lCvexQdX55snPFyK7QzpudqbCI0qXFfOasHdyNDGQ==

sliced@1.0.1:
  version "1.0.1"
  resolved "https://registry.yarnpkg.com/sliced/-/sliced-1.0.1.tgz#0b3a662b5d04c3177b1926bea82b03f837a2ef41"
  integrity sha1-CzpmK10Ewxd7GSa+qCsD+Dei70E=

sparse-bitfield@^3.0.3:
  version "3.0.3"
  resolved "https://registry.yarnpkg.com/sparse-bitfield/-/sparse-bitfield-3.0.3.tgz#ff4ae6e68656056ba4b3e792ab3334d38273ca11"
  integrity sha1-/0rm5oZWBWuks+eSqzM004JzyhE=
  dependencies:
    memory-pager "^1.0.2"
